// !$*UTF8*$!
{
	archiveVersion = 1;
	classes = {
	};
	objectVersion = 46;
	objects = {

/* Begin PBXBuildFile section */
		B683BEE91C0F639F00189A3E /* AppDelegate.swift in Sources */ = {isa = PBXBuildFile; fileRef = B683BEE81C0F639F00189A3E /* AppDelegate.swift */; };
		B683BEEB1C0F639F00189A3E /* ViewController.swift in Sources */ = {isa = PBXBuildFile; fileRef = B683BEEA1C0F639F00189A3E /* ViewController.swift */; };
		B683BEEE1C0F639F00189A3E /* Main.storyboard in Resources */ = {isa = PBXBuildFile; fileRef = B683BEEC1C0F639F00189A3E /* Main.storyboard */; };
		B683BEF01C0F639F00189A3E /* Assets.xcassets in Resources */ = {isa = PBXBuildFile; fileRef = B683BEEF1C0F639F00189A3E /* Assets.xcassets */; };
		B683BEF31C0F639F00189A3E /* LaunchScreen.storyboard in Resources */ = {isa = PBXBuildFile; fileRef = B683BEF11C0F639F00189A3E /* LaunchScreen.storyboard */; };
		B683BEFE1C0F639F00189A3E /* MemoriesTests.swift in Sources */ = {isa = PBXBuildFile; fileRef = B683BEFD1C0F639F00189A3E /* MemoriesTests.swift */; };
		B683BF091C0F639F00189A3E /* MemoriesUITests.swift in Sources */ = {isa = PBXBuildFile; fileRef = B683BF081C0F639F00189A3E /* MemoriesUITests.swift */; };
/* End PBXBuildFile section */

/* Begin PBXContainerItemProxy section */
		B683BEFA1C0F639F00189A3E /* PBXContainerItemProxy */ = {
			isa = PBXContainerItemProxy;
			containerPortal = B683BEDD1C0F639F00189A3E /* Project object */;
			proxyType = 1;
			remoteGlobalIDString = B683BEE41C0F639F00189A3E;
			remoteInfo = Memories;
		};
		B683BF051C0F639F00189A3E /* PBXContainerItemProxy */ = {
			isa = PBXContainerItemProxy;
			containerPortal = B683BEDD1C0F639F00189A3E /* Project object */;
			proxyType = 1;
			remoteGlobalIDString = B683BEE41C0F639F00189A3E;
			remoteInfo = Memories;
		};
/* End PBXContainerItemProxy section */

/* Begin PBXFileReference section */
		B683BEE51C0F639F00189A3E /* Memories.app */ = {isa = PBXFileReference; explicitFileType = wrapper.application; includeInIndex = 0; path = Memories.app; sourceTree = BUILT_PRODUCTS_DIR; };
		B683BEE81C0F639F00189A3E /* AppDelegate.swift */ = {isa = PBXFileReference; lastKnownFileType = sourcecode.swift; path = AppDelegate.swift; sourceTree = "<group>"; };
		B683BEEA1C0F639F00189A3E /* ViewController.swift */ = {isa = PBXFileReference; lastKnownFileType = sourcecode.swift; path = ViewController.swift; sourceTree = "<group>"; };
		B683BEED1C0F639F00189A3E /* Base */ = {isa = PBXFileReference; lastKnownFileType = file.storyboard; name = Base; path = Base.lproj/Main.storyboard; sourceTree = "<group>"; };
		B683BEEF1C0F639F00189A3E /* Assets.xcassets */ = {isa = PBXFileReference; lastKnownFileType = folder.assetcatalog; path = Assets.xcassets; sourceTree = "<group>"; };
		B683BEF21C0F639F00189A3E /* Base */ = {isa = PBXFileReference; lastKnownFileType = file.storyboard; name = Base; path = Base.lproj/LaunchScreen.storyboard; sourceTree = "<group>"; };
		B683BEF41C0F639F00189A3E /* Info.plist */ = {isa = PBXFileReference; lastKnownFileType = text.plist.xml; path = Info.plist; sourceTree = "<group>"; };
		B683BEF91C0F639F00189A3E /* MemoriesTests.xctest */ = {isa = PBXFileReference; explicitFileType = wrapper.cfbundle; includeInIndex = 0; path = MemoriesTests.xctest; sourceTree = BUILT_PRODUCTS_DIR; };
		B683BEFD1C0F639F00189A3E /* MemoriesTests.swift */ = {isa = PBXFileReference; lastKnownFileType = sourcecode.swift; path = MemoriesTests.swift; sourceTree = "<group>"; };
		B683BEFF1C0F639F00189A3E /* Info.plist */ = {isa = PBXFileReference; lastKnownFileType = text.plist.xml; path = Info.plist; sourceTree = "<group>"; };
		B683BF041C0F639F00189A3E /* MemoriesUITests.xctest */ = {isa = PBXFileReference; explicitFileType = wrapper.cfbundle; includeInIndex = 0; path = MemoriesUITests.xctest; sourceTree = BUILT_PRODUCTS_DIR; };
		B683BF081C0F639F00189A3E /* MemoriesUITests.swift */ = {isa = PBXFileReference; lastKnownFileType = sourcecode.swift; path = MemoriesUITests.swift; sourceTree = "<group>"; };
		B683BF0A1C0F639F00189A3E /* Info.plist */ = {isa = PBXFileReference; lastKnownFileType = text.plist.xml; path = Info.plist; sourceTree = "<group>"; };
/* End PBXFileReference section */

/* Begin PBXFrameworksBuildPhase section */
		B683BEE21C0F639F00189A3E /* Frameworks */ = {
			isa = PBXFrameworksBuildPhase;
			buildActionMask = 2147483647;
			files = (
			);
			runOnlyForDeploymentPostprocessing = 0;
		};
		B683BEF61C0F639F00189A3E /* Frameworks */ = {
			isa = PBXFrameworksBuildPhase;
			buildActionMask = 2147483647;
			files = (
			);
			runOnlyForDeploymentPostprocessing = 0;
		};
		B683BF011C0F639F00189A3E /* Frameworks */ = {
			isa = PBXFrameworksBuildPhase;
			buildActionMask = 2147483647;
			files = (
			);
			runOnlyForDeploymentPostprocessing = 0;
		};
/* End PBXFrameworksBuildPhase section */

/* Begin PBXGroup section */
		B683BEDC1C0F639F00189A3E = {
			isa = PBXGroup;
			children = (
				B683BEE71C0F639F00189A3E /* Memories */,
				B683BEFC1C0F639F00189A3E /* MemoriesTests */,
				B683BF071C0F639F00189A3E /* MemoriesUITests */,
				B683BEE61C0F639F00189A3E /* Products */,
			);
			sourceTree = "<group>";
		};
		B683BEE61C0F639F00189A3E /* Products */ = {
			isa = PBXGroup;
			children = (
				B683BEE51C0F639F00189A3E /* Memories.app */,
				B683BEF91C0F639F00189A3E /* MemoriesTests.xctest */,
				B683BF041C0F639F00189A3E /* MemoriesUITests.xctest */,
			);
			name = Products;
			sourceTree = "<group>";
		};
		B683BEE71C0F639F00189A3E /* Memories */ = {
			isa = PBXGroup;
			children = (
				B683BEE81C0F639F00189A3E /* AppDelegate.swift */,
				B683BEEA1C0F639F00189A3E /* ViewController.swift */,
				B683BEEC1C0F639F00189A3E /* Main.storyboard */,
				B683BEEF1C0F639F00189A3E /* Assets.xcassets */,
				B683BEF11C0F639F00189A3E /* LaunchScreen.storyboard */,
				B683BEF41C0F639F00189A3E /* Info.plist */,
			);
			path = Memories;
			sourceTree = "<group>";
		};
		B683BEFC1C0F639F00189A3E /* MemoriesTests */ = {
			isa = PBXGroup;
			children = (
				B683BEFD1C0F639F00189A3E /* MemoriesTests.swift */,
				B683BEFF1C0F639F00189A3E /* Info.plist */,
			);
			path = MemoriesTests;
			sourceTree = "<group>";
		};
		B683BF071C0F639F00189A3E /* MemoriesUITests */ = {
			isa = PBXGroup;
			children = (
				B683BF081C0F639F00189A3E /* MemoriesUITests.swift */,
				B683BF0A1C0F639F00189A3E /* Info.plist */,
			);
			path = MemoriesUITests;
			sourceTree = "<group>";
		};
/* End PBXGroup section */

/* Begin PBXNativeTarget section */
		B683BEE41C0F639F00189A3E /* Memories */ = {
			isa = PBXNativeTarget;
			buildConfigurationList = B683BF0D1C0F639F00189A3E /* Build configuration list for PBXNativeTarget "Memories" */;
			buildPhases = (
				B683BEE11C0F639F00189A3E /* Sources */,
				B683BEE21C0F639F00189A3E /* Frameworks */,
				B683BEE31C0F639F00189A3E /* Resources */,
			);
			buildRules = (
			);
			dependencies = (
			);
			name = Memories;
			productName = Memories;
			productReference = B683BEE51C0F639F00189A3E /* Memories.app */;
			productType = "com.apple.product-type.application";
		};
		B683BEF81C0F639F00189A3E /* MemoriesTests */ = {
			isa = PBXNativeTarget;
			buildConfigurationList = B683BF101C0F639F00189A3E /* Build configuration list for PBXNativeTarget "MemoriesTests" */;
			buildPhases = (
				B683BEF51C0F639F00189A3E /* Sources */,
				B683BEF61C0F639F00189A3E /* Frameworks */,
				B683BEF71C0F639F00189A3E /* Resources */,
			);
			buildRules = (
			);
			dependencies = (
				B683BEFB1C0F639F00189A3E /* PBXTargetDependency */,
			);
			name = MemoriesTests;
			productName = MemoriesTests;
			productReference = B683BEF91C0F639F00189A3E /* MemoriesTests.xctest */;
			productType = "com.apple.product-type.bundle.unit-test";
		};
		B683BF031C0F639F00189A3E /* MemoriesUITests */ = {
			isa = PBXNativeTarget;
			buildConfigurationList = B683BF131C0F639F00189A3E /* Build configuration list for PBXNativeTarget "MemoriesUITests" */;
			buildPhases = (
				B683BF001C0F639F00189A3E /* Sources */,
				B683BF011C0F639F00189A3E /* Frameworks */,
				B683BF021C0F639F00189A3E /* Resources */,
			);
			buildRules = (
			);
			dependencies = (
				B683BF061C0F639F00189A3E /* PBXTargetDependency */,
			);
			name = MemoriesUITests;
			productName = MemoriesUITests;
			productReference = B683BF041C0F639F00189A3E /* MemoriesUITests.xctest */;
			productType = "com.apple.product-type.bundle.ui-testing";
		};
/* End PBXNativeTarget section */

/* Begin PBXProject section */
		B683BEDD1C0F639F00189A3E /* Project object */ = {
			isa = PBXProject;
			attributes = {
				LastUpgradeCheck = 0700;
				ORGANIZATIONNAME = HConnery;
				TargetAttributes = {
					B683BEE41C0F639F00189A3E = {
						CreatedOnToolsVersion = 7.0.1;
					};
					B683BEF81C0F639F00189A3E = {
						CreatedOnToolsVersion = 7.0.1;
						TestTargetID = B683BEE41C0F639F00189A3E;
					};
					B683BF031C0F639F00189A3E = {
						CreatedOnToolsVersion = 7.0.1;
						TestTargetID = B683BEE41C0F639F00189A3E;
					};
				};
			};
			buildConfigurationList = B683BEE01C0F639F00189A3E /* Build configuration list for PBXProject "Memories" */;
			compatibilityVersion = "Xcode 3.2";
			developmentRegion = English;
			hasScannedForEncodings = 0;
			knownRegions = (
				en,
				Base,
			);
			mainGroup = B683BEDC1C0F639F00189A3E;
			productRefGroup = B683BEE61C0F639F00189A3E /* Products */;
			projectDirPath = "";
			projectRoot = "";
			targets = (
				B683BEE41C0F639F00189A3E /* Memories */,
				B683BEF81C0F639F00189A3E /* MemoriesTests */,
				B683BF031C0F639F00189A3E /* MemoriesUITests */,
			);
		};
/* End PBXProject section */

/* Begin PBXResourcesBuildPhase section */
		B683BEE31C0F639F00189A3E /* Resources */ = {
			isa = PBXResourcesBuildPhase;
			buildActionMask = 2147483647;
			files = (
				B683BEF31C0F639F00189A3E /* LaunchScreen.storyboard in Resources */,
				B683BEF01C0F639F00189A3E /* Assets.xcassets in Resources */,
				B683BEEE1C0F639F00189A3E /* Main.storyboard in Resources */,
			);
			runOnlyForDeploymentPostprocessing = 0;
		};
		B683BEF71C0F639F00189A3E /* Resources */ = {
			isa = PBXResourcesBuildPhase;
			buildActionMask = 2147483647;
			files = (
			);
			runOnlyForDeploymentPostprocessing = 0;
		};
		B683BF021C0F639F00189A3E /* Resources */ = {
			isa = PBXResourcesBuildPhase;
			buildActionMask = 2147483647;
			files = (
			);
			runOnlyForDeploymentPostprocessing = 0;
		};
/* End PBXResourcesBuildPhase section */

/* Begin PBXSourcesBuildPhase section */
		B683BEE11C0F639F00189A3E /* Sources */ = {
			isa = PBXSourcesBuildPhase;
			buildActionMask = 2147483647;
			files = (
				B683BEEB1C0F639F00189A3E /* ViewController.swift in Sources */,
				B683BEE91C0F639F00189A3E /* AppDelegate.swift in Sources */,
			);
			runOnlyForDeploymentPostprocessing = 0;
		};
		B683BEF51C0F639F00189A3E /* Sources */ = {
			isa = PBXSourcesBuildPhase;
			buildActionMask = 2147483647;
			files = (
				B683BEFE1C0F639F00189A3E /* MemoriesTests.swift in Sources */,
			);
			runOnlyForDeploymentPostprocessing = 0;
		};
		B683BF001C0F639F00189A3E /* Sources */ = {
			isa = PBXSourcesBuildPhase;
			buildActionMask = 2147483647;
			files = (
				B683BF091C0F639F00189A3E /* MemoriesUITests.swift in Sources */,
			);
			runOnlyForDeploymentPostprocessing = 0;
		};
/* End PBXSourcesBuildPhase section */

/* Begin PBXTargetDependency section */
		B683BEFB1C0F639F00189A3E /* PBXTargetDependency */ = {
			isa = PBXTargetDependency;
			target = B683BEE41C0F639F00189A3E /* Memories */;
			targetProxy = B683BEFA1C0F639F00189A3E /* PBXContainerItemProxy */;
		};
		B683BF061C0F639F00189A3E /* PBXTargetDependency */ = {
			isa = PBXTargetDependency;
			target = B683BEE41C0F639F00189A3E /* Memories */;
			targetProxy = B683BF051C0F639F00189A3E /* PBXContainerItemProxy */;
		};
/* End PBXTargetDependency section */

/* Begin PBXVariantGroup section */
		B683BEEC1C0F639F00189A3E /* Main.storyboard */ = {
			isa = PBXVariantGroup;
			children = (
				B683BEED1C0F639F00189A3E /* Base */,
			);
			name = Main.storyboard;
			sourceTree = "<group>";
		};
		B683BEF11C0F639F00189A3E /* LaunchScreen.storyboard */ = {
			isa = PBXVariantGroup;
			children = (
				B683BEF21C0F639F00189A3E /* Base */,
			);
			name = LaunchScreen.storyboard;
			sourceTree = "<group>";
		};
/* End PBXVariantGroup section */

/* Begin XCBuildConfiguration section */
		B683BF0B1C0F639F00189A3E /* Debug */ = {
			isa = XCBuildConfiguration;
			buildSettings = {
				ALWAYS_SEARCH_USER_PATHS = NO;
				CLANG_CXX_LANGUAGE_STANDARD = "gnu++0x";
				CLANG_CXX_LIBRARY = "libc++";
				CLANG_ENABLE_MODULES = YES;
				CLANG_ENABLE_OBJC_ARC = YES;
				CLANG_WARN_BOOL_CONVERSION = YES;
				CLANG_WARN_CONSTANT_CONVERSION = YES;
				CLANG_WARN_DIRECT_OBJC_ISA_USAGE = YES_ERROR;
				CLANG_WARN_EMPTY_BODY = YES;
				CLANG_WARN_ENUM_CONVERSION = YES;
				CLANG_WARN_INT_CONVERSION = YES;
				CLANG_WARN_OBJC_ROOT_CLASS = YES_ERROR;
				CLANG_WARN_UNREACHABLE_CODE = YES;
				CLANG_WARN__DUPLICATE_METHOD_MATCH = YES;
				"CODE_SIGN_IDENTITY[sdk=iphoneos*]" = "iPhone Developer";
				COPY_PHASE_STRIP = NO;
				DEBUG_INFORMATION_FORMAT = dwarf;
				ENABLE_STRICT_OBJC_MSGSEND = YES;
				ENABLE_TESTABILITY = YES;
				GCC_C_LANGUAGE_STANDARD = gnu99;
				GCC_DYNAMIC_NO_PIC = NO;
				GCC_NO_COMMON_BLOCKS = YES;
				GCC_OPTIMIZATION_LEVEL = 0;
				GCC_PREPROCESSOR_DEFINITIONS = (
					"DEBUG=1",
					"$(inherited)",
				);
				GCC_WARN_64_TO_32_BIT_CONVERSION = YES;
				GCC_WARN_ABOUT_RETURN_TYPE = YES_ERROR;
				GCC_WARN_UNDECLARED_SELECTOR = YES;
				GCC_WARN_UNINITIALIZED_AUTOS = YES_AGGRESSIVE;
				GCC_WARN_UNUSED_FUNCTION = YES;
				GCC_WARN_UNUSED_VARIABLE = YES;
				IPHONEOS_DEPLOYMENT_TARGET = 9.0;
				MTL_ENABLE_DEBUG_INFO = YES;
				ONLY_ACTIVE_ARCH = YES;
				SDKROOT = iphoneos;
				SWIFT_OPTIMIZATION_LEVEL = "-Onone";
				TARGETED_DEVICE_FAMILY = "1,2";
			};
			name = Debug;
		};
		B683BF0C1C0F639F00189A3E /* Release */ = {
			isa = XCBuildConfiguration;
			buildSettings = {
				ALWAYS_SEARCH_USER_PATHS = NO;
				CLANG_CXX_LANGUAGE_STANDARD = "gnu++0x";
				CLANG_CXX_LIBRARY = "libc++";
				CLANG_ENABLE_MODULES = YES;
				CLANG_ENABLE_OBJC_ARC = YES;
				CLANG_WARN_BOOL_CONVERSION = YES;
				CLANG_WARN_CONSTANT_CONVERSION = YES;
				CLANG_WARN_DIRECT_OBJC_ISA_USAGE = YES_ERROR;
				CLANG_WARN_EMPTY_BODY = YES;
				CLANG_WARN_ENUM_CONVERSION = YES;
				CLANG_WARN_INT_CONVERSION = YES;
				CLANG_WARN_OBJC_ROOT_CLASS = YES_ERROR;
				CLANG_WARN_UNREACHABLE_CODE = YES;
				CLANG_WARN__DUPLICATE_METHOD_MATCH = YES;
				"CODE_SIGN_IDENTITY[sdk=iphoneos*]" = "iPhone Developer";
				COPY_PHASE_STRIP = NO;
				DEBUG_INFORMATION_FORMAT = "dwarf-with-dsym";
				ENABLE_NS_ASSERTIONS = NO;
				ENABLE_STRICT_OBJC_MSGSEND = YES;
				GCC_C_LANGUAGE_STANDARD = gnu99;
				GCC_NO_COMMON_BLOCKS = YES;
				GCC_WARN_64_TO_32_BIT_CONVERSION = YES;
				GCC_WARN_ABOUT_RETURN_TYPE = YES_ERROR;
				GCC_WARN_UNDECLARED_SELECTOR = YES;
				GCC_WARN_UNINITIALIZED_AUTOS = YES_AGGRESSIVE;
				GCC_WARN_UNUSED_FUNCTION = YES;
				GCC_WARN_UNUSED_VARIABLE = YES;
				IPHONEOS_DEPLOYMENT_TARGET = 9.0;
				MTL_ENABLE_DEBUG_INFO = NO;
				SDKROOT = iphoneos;
				TARGETED_DEVICE_FAMILY = "1,2";
				VALIDATE_PRODUCT = YES;
			};
			name = Release;
		};
		B683BF0E1C0F639F00189A3E /* Debug */ = {
			isa = XCBuildConfiguration;
			buildSettings = {
				ASSETCATALOG_COMPILER_APPICON_NAME = AppIcon;
				INFOPLIST_FILE = Memories/Info.plist;
				LD_RUNPATH_SEARCH_PATHS = "$(inherited) @executable_path/Frameworks";
				PRODUCT_BUNDLE_IDENTIFIER = com.hconnery.Memories;
				PRODUCT_NAME = "$(TARGET_NAME)";
			};
			name = Debug;
		};
		B683BF0F1C0F639F00189A3E /* Release */ = {
			isa = XCBuildConfiguration;
			buildSettings = {
				ASSETCATALOG_COMPILER_APPICON_NAME = AppIcon;
				INFOPLIST_FILE = Memories/Info.plist;
				LD_RUNPATH_SEARCH_PATHS = "$(inherited) @executable_path/Frameworks";
				PRODUCT_BUNDLE_IDENTIFIER = com.hconnery.Memories;
				PRODUCT_NAME = "$(TARGET_NAME)";
			};
			name = Release;
		};
		B683BF111C0F639F00189A3E /* Debug */ = {
			isa = XCBuildConfiguration;
			buildSettings = {
				BUNDLE_LOADER = "$(TEST_HOST)";
				INFOPLIST_FILE = MemoriesTests/Info.plist;
				LD_RUNPATH_SEARCH_PATHS = "$(inherited) @executable_path/Frameworks @loader_path/Frameworks";
				PRODUCT_BUNDLE_IDENTIFIER = com.hconnery.MemoriesTests;
				PRODUCT_NAME = "$(TARGET_NAME)";
				TEST_HOST = "$(BUILT_PRODUCTS_DIR)/Memories.app/Memories";
			};
			name = Debug;
		};
		B683BF121C0F639F00189A3E /* Release */ = {
			isa = XCBuildConfiguration;
			buildSettings = {
				BUNDLE_LOADER = "$(TEST_HOST)";
				INFOPLIST_FILE = MemoriesTests/Info.plist;
				LD_RUNPATH_SEARCH_PATHS = "$(inherited) @executable_path/Frameworks @loader_path/Frameworks";
				PRODUCT_BUNDLE_IDENTIFIER = com.hconnery.MemoriesTests;
				PRODUCT_NAME = "$(TARGET_NAME)";
				TEST_HOST = "$(BUILT_PRODUCTS_DIR)/Memories.app/Memories";
			};
			name = Release;
		};
		B683BF141C0F639F00189A3E /* Debug */ = {
			isa = XCBuildConfiguration;
			buildSettings = {
				INFOPLIST_FILE = MemoriesUITests/Info.plist;
				LD_RUNPATH_SEARCH_PATHS = "$(inherited) @executable_path/Frameworks @loader_path/Frameworks";
				PRODUCT_BUNDLE_IDENTIFIER = com.hconnery.MemoriesUITests;
				PRODUCT_NAME = "$(TARGET_NAME)";
				TEST_TARGET_NAME = Memories;
				USES_XCTRUNNER = YES;
			};
			name = Debug;
		};
		B683BF151C0F639F00189A3E /* Release */ = {
			isa = XCBuildConfiguration;
			buildSettings = {
				INFOPLIST_FILE = MemoriesUITests/Info.plist;
				LD_RUNPATH_SEARCH_PATHS = "$(inherited) @executable_path/Frameworks @loader_path/Frameworks";
				PRODUCT_BUNDLE_IDENTIFIER = com.hconnery.MemoriesUITests;
				PRODUCT_NAME = "$(TARGET_NAME)";
				TEST_TARGET_NAME = Memories;
				USES_XCTRUNNER = YES;
			};
			name = Release;
		};
/* End XCBuildConfiguration section */

/* Begin XCConfigurationList section */
		B683BEE01C0F639F00189A3E /* Build configuration list for PBXProject "Memories" */ = {
			isa = XCConfigurationList;
			buildConfigurations = (
				B683BF0B1C0F639F00189A3E /* Debug */,
				B683BF0C1C0F639F00189A3E /* Release */,
			);
			defaultConfigurationIsVisible = 0;
			defaultConfigurationName = Release;
		};
		B683BF0D1C0F639F00189A3E /* Build configuration list for PBXNativeTarget "Memories" */ = {
			isa = XCConfigurationList;
			buildConfigurations = (
				B683BF0E1C0F639F00189A3E /* Debug */,
				B683BF0F1C0F639F00189A3E /* Release */,
			);
			defaultConfigurationIsVisible = 0;
		};
		B683BF101C0F639F00189A3E /* Build configuration list for PBXNativeTarget "MemoriesTests" */ = {
			isa = XCConfigurationList;
			buildConfigurations = (
				B683BF111C0F639F00189A3E /* Debug */,
				B683BF121C0F639F00189A3E /* Release */,
			);
			defaultConfigurationIsVisible = 0;
		};
		B683BF131C0F639F00189A3E /* Build configuration list for PBXNativeTarget "MemoriesUITests" */ = {
			isa = XCConfigurationList;
			buildConfigurations = (
				B683BF141C0F639F00189A3E /* Debug */,
				B683BF151C0F639F00189A3E /* Release */,
			);
			defaultConfigurationIsVisible = 0;
		};
/* End XCConfigurationList section */
	};
	rootObject = B683BEDD1C0F639F00189A3E /* Project object */;
}
